// !$*UTF8*$!
{
	archiveVersion = 1;
	classes = {
	};
	objectVersion = 46;
	objects = {

/* Begin PBXBuildFile section */
		2F5D537A2B334D26D0E6B15D /* Pods_BarduinoApp.framework in Frameworks */ = {isa = PBXBuildFile; fileRef = B5BAF2834BF1181D54255CD0 /* Pods_BarduinoApp.framework */; };
		79ACEB841F0D9BF400AAB51A /* AppDelegate.swift in Sources */ = {isa = PBXBuildFile; fileRef = 79ACEB831F0D9BF400AAB51A /* AppDelegate.swift */; };
		79ACEB861F0D9BF400AAB51A /* ViewController.swift in Sources */ = {isa = PBXBuildFile; fileRef = 79ACEB851F0D9BF400AAB51A /* ViewController.swift */; };
		79ACEB8C1F0D9BF400AAB51A /* BarduinoApp.xcdatamodeld in Sources */ = {isa = PBXBuildFile; fileRef = 79ACEB8A1F0D9BF400AAB51A /* BarduinoApp.xcdatamodeld */; };
		79ACEB8E1F0D9BF400AAB51A /* Assets.xcassets in Resources */ = {isa = PBXBuildFile; fileRef = 79ACEB8D1F0D9BF400AAB51A /* Assets.xcassets */; };
		79ACEB911F0D9BF400AAB51A /* LaunchScreen.storyboard in Resources */ = {isa = PBXBuildFile; fileRef = 79ACEB8F1F0D9BF400AAB51A /* LaunchScreen.storyboard */; };
		79ACEB9C1F0D9BF500AAB51A /* BarduinoAppTests.swift in Sources */ = {isa = PBXBuildFile; fileRef = 79ACEB9B1F0D9BF500AAB51A /* BarduinoAppTests.swift */; };
		79ACEBA71F0D9BF500AAB51A /* BarduinoAppUITests.swift in Sources */ = {isa = PBXBuildFile; fileRef = 79ACEBA61F0D9BF500AAB51A /* BarduinoAppUITests.swift */; };
		865E68BE1F138A86001A0BDE /* Main.storyboard in Resources */ = {isa = PBXBuildFile; fileRef = 865E68BD1F138A86001A0BDE /* Main.storyboard */; };
		865E68C11F139262001A0BDE /* HomeTableViewCell.swift in Sources */ = {isa = PBXBuildFile; fileRef = 865E68C01F139262001A0BDE /* HomeTableViewCell.swift */; };
		865E68C61F13B16F001A0BDE /* fanta_coca.png in Resources */ = {isa = PBXBuildFile; fileRef = 865E68C31F13B16F001A0BDE /* fanta_coca.png */; };
		865E68C71F13B16F001A0BDE /* whisky_coca2.png in Resources */ = {isa = PBXBuildFile; fileRef = 865E68C41F13B16F001A0BDE /* whisky_coca2.png */; };
		865E68C81F13B16F001A0BDE /* whisky_coca.png in Resources */ = {isa = PBXBuildFile; fileRef = 865E68C51F13B16F001A0BDE /* whisky_coca.png */; };
		865E68CA1F13B37B001A0BDE /* OrderViewController.swift in Sources */ = {isa = PBXBuildFile; fileRef = 865E68C91F13B37B001A0BDE /* OrderViewController.swift */; };
		865E68CC1F13C2F6001A0BDE /* ProfilUserViewController.swift in Sources */ = {isa = PBXBuildFile; fileRef = 865E68CB1F13C2F6001A0BDE /* ProfilUserViewController.swift */; };
		865E68CE1F13C8C3001A0BDE /* QueueTableViewCell.swift in Sources */ = {isa = PBXBuildFile; fileRef = 865E68CD1F13C8C3001A0BDE /* QueueTableViewCell.swift */; };
		865E68D01F13C8E5001A0BDE /* QueueTableViewController.swift in Sources */ = {isa = PBXBuildFile; fileRef = 865E68CF1F13C8E5001A0BDE /* QueueTableViewController.swift */; };
		865E68D21F13D3F8001A0BDE /* QrCodeViewController.swift in Sources */ = {isa = PBXBuildFile; fileRef = 865E68D11F13D3F8001A0BDE /* QrCodeViewController.swift */; };
		865E68D41F14D62A001A0BDE /* Config.swift in Sources */ = {isa = PBXBuildFile; fileRef = 865E68D31F14D62A001A0BDE /* Config.swift */; };
		865E68D61F14E316001A0BDE /* RegisterViewController.swift in Sources */ = {isa = PBXBuildFile; fileRef = 865E68D51F14E316001A0BDE /* RegisterViewController.swift */; };
		865E68D81F151F3C001A0BDE /* coins.png in Resources */ = {isa = PBXBuildFile; fileRef = 865E68D71F151F3C001A0BDE /* coins.png */; };
		865E68DA1F152028001A0BDE /* AddCoinViewController.swift in Sources */ = {isa = PBXBuildFile; fileRef = 865E68D91F152028001A0BDE /* AddCoinViewController.swift */; };
		865E68DC1F160F0B001A0BDE /* Utils.swift in Sources */ = {isa = PBXBuildFile; fileRef = 865E68DB1F160F0A001A0BDE /* Utils.swift */; };
		8679581F1F0FCAB000E0AD19 /* HomeViewController.swift in Sources */ = {isa = PBXBuildFile; fileRef = 8679581E1F0FCAB000E0AD19 /* HomeViewController.swift */; };
		8679582B1F13767300E0AD19 /* Alamofire.framework in Frameworks */ = {isa = PBXBuildFile; fileRef = 8679582A1F13767300E0AD19 /* Alamofire.framework */; };
		8679582D1F137BAC00E0AD19 /* SwiftyJSON.framework in Frameworks */ = {isa = PBXBuildFile; fileRef = 8679582C1F137BAC00E0AD19 /* SwiftyJSON.framework */; };
		86A9AAC61F163D1200683B88 /* coins_active.png in Resources */ = {isa = PBXBuildFile; fileRef = 86A9AAC21F163D1200683B88 /* coins_active.png */; };
		86A9AAC71F163D1200683B88 /* coins_normal.png in Resources */ = {isa = PBXBuildFile; fileRef = 86A9AAC31F163D1200683B88 /* coins_normal.png */; };
		86A9AACB1F163E6200683B88 /* buy_hover.png in Resources */ = {isa = PBXBuildFile; fileRef = 86A9AACA1F163E6200683B88 /* buy_hover.png */; };
		86A9AACD1F1652A400683B88 /* icons8-Cocktail-50.png in Resources */ = {isa = PBXBuildFile; fileRef = 86A9AACC1F1652A400683B88 /* icons8-Cocktail-50.png */; };
		86A9AACF1F1652F500683B88 /* icons8-Cocktail-40.png in Resources */ = {isa = PBXBuildFile; fileRef = 86A9AACE1F1652F500683B88 /* icons8-Cocktail-40.png */; };
		86A9AAD11F16532800683B88 /* icons8-Cocktail-30.png in Resources */ = {isa = PBXBuildFile; fileRef = 86A9AAD01F16532800683B88 /* icons8-Cocktail-30.png */; };
		86A9AAD41F16545100683B88 /* cocktail_filled.png in Resources */ = {isa = PBXBuildFile; fileRef = 86A9AAD21F16545100683B88 /* cocktail_filled.png */; };
		86A9AAD51F16545100683B88 /* cocktail.png in Resources */ = {isa = PBXBuildFile; fileRef = 86A9AAD31F16545100683B88 /* cocktail.png */; };
		86A9AAD81F16549E00683B88 /* shopping_cart_filled.png in Resources */ = {isa = PBXBuildFile; fileRef = 86A9AAD61F16549E00683B88 /* shopping_cart_filled.png */; };
		86A9AAD91F16549E00683B88 /* shopping_cart.png in Resources */ = {isa = PBXBuildFile; fileRef = 86A9AAD71F16549E00683B88 /* shopping_cart.png */; };
		86A9AADC1F16550700683B88 /* QR_Code_filled.png in Resources */ = {isa = PBXBuildFile; fileRef = 86A9AADA1F16550700683B88 /* QR_Code_filled.png */; };
		86A9AADD1F16550700683B88 /* QR_Code.png in Resources */ = {isa = PBXBuildFile; fileRef = 86A9AADB1F16550700683B88 /* QR_Code.png */; };
		86A9AADF1F16553600683B88 /* user.png in Resources */ = {isa = PBXBuildFile; fileRef = 86A9AADE1F16553600683B88 /* user.png */; };
		86A9AAE31F16576600683B88 /* user_icon.png in Resources */ = {isa = PBXBuildFile; fileRef = 86A9AAE21F16576600683B88 /* user_icon.png */; };
		86A9AAE51F1657F900683B88 /* logout.png in Resources */ = {isa = PBXBuildFile; fileRef = 86A9AAE41F1657F900683B88 /* logout.png */; };
		86A9AAE71F1658D300683B88 /* logo.png in Resources */ = {isa = PBXBuildFile; fileRef = 86A9AAE61F1658D300683B88 /* logo.png */; };
		86A9AAE91F1659A800683B88 /* add_user.png in Resources */ = {isa = PBXBuildFile; fileRef = 86A9AAE81F1659A800683B88 /* add_user.png */; };
		86A9AAEB1F165A9300683B88 /* coins_big.png in Resources */ = {isa = PBXBuildFile; fileRef = 86A9AAEA1F165A9300683B88 /* coins_big.png */; };
		86A9AAED1F16610E00683B88 /* order.png in Resources */ = {isa = PBXBuildFile; fileRef = 86A9AAEC1F16610E00683B88 /* order.png */; };
		86A9AAEF1F1672EE00683B88 /* arrow_right.png in Resources */ = {isa = PBXBuildFile; fileRef = 86A9AAEE1F1672EE00683B88 /* arrow_right.png */; };
		86A9AB071F17B48500683B88 /* loader0000.png in Resources */ = {isa = PBXBuildFile; fileRef = 86A9AAF31F17B48500683B88 /* loader0000.png */; };
		86A9AB081F17B48500683B88 /* loader0001.png in Resources */ = {isa = PBXBuildFile; fileRef = 86A9AAF41F17B48500683B88 /* loader0001.png */; };
		86A9AB091F17B48500683B88 /* loader0002.png in Resources */ = {isa = PBXBuildFile; fileRef = 86A9AAF51F17B48500683B88 /* loader0002.png */; };
		86A9AB0A1F17B48500683B88 /* loader0003.png in Resources */ = {isa = PBXBuildFile; fileRef = 86A9AAF61F17B48500683B88 /* loader0003.png */; };
		86A9AB0B1F17B48500683B88 /* loader0004.png in Resources */ = {isa = PBXBuildFile; fileRef = 86A9AAF71F17B48500683B88 /* loader0004.png */; };
		86A9AB0C1F17B48500683B88 /* loader0005.png in Resources */ = {isa = PBXBuildFile; fileRef = 86A9AAF81F17B48500683B88 /* loader0005.png */; };
		86A9AB0D1F17B48500683B88 /* loader0006.png in Resources */ = {isa = PBXBuildFile; fileRef = 86A9AAF91F17B48500683B88 /* loader0006.png */; };
		86A9AB0E1F17B48500683B88 /* loader0007.png in Resources */ = {isa = PBXBuildFile; fileRef = 86A9AAFA1F17B48500683B88 /* loader0007.png */; };
		86A9AB0F1F17B48500683B88 /* loader0008.png in Resources */ = {isa = PBXBuildFile; fileRef = 86A9AAFB1F17B48500683B88 /* loader0008.png */; };
		86A9AB101F17B48500683B88 /* loader0009.png in Resources */ = {isa = PBXBuildFile; fileRef = 86A9AAFC1F17B48500683B88 /* loader0009.png */; };
		86A9AB111F17B48500683B88 /* loader0010.png in Resources */ = {isa = PBXBuildFile; fileRef = 86A9AAFD1F17B48500683B88 /* loader0010.png */; };
		86A9AB121F17B48500683B88 /* loader0011.png in Resources */ = {isa = PBXBuildFile; fileRef = 86A9AAFE1F17B48500683B88 /* loader0011.png */; };
		86A9AB131F17B48500683B88 /* loader0012.png in Resources */ = {isa = PBXBuildFile; fileRef = 86A9AAFF1F17B48500683B88 /* loader0012.png */; };
		86A9AB141F17B48500683B88 /* loader0013.png in Resources */ = {isa = PBXBuildFile; fileRef = 86A9AB001F17B48500683B88 /* loader0013.png */; };
		86A9AB151F17B48500683B88 /* loader0014.png in Resources */ = {isa = PBXBuildFile; fileRef = 86A9AB011F17B48500683B88 /* loader0014.png */; };
		86A9AB161F17B48500683B88 /* loader0015.png in Resources */ = {isa = PBXBuildFile; fileRef = 86A9AB021F17B48500683B88 /* loader0015.png */; };
		86A9AB171F17B48500683B88 /* loader0016.png in Resources */ = {isa = PBXBuildFile; fileRef = 86A9AB031F17B48500683B88 /* loader0016.png */; };
		86A9AB181F17B48500683B88 /* loader0017.png in Resources */ = {isa = PBXBuildFile; fileRef = 86A9AB041F17B48500683B88 /* loader0017.png */; };
		86A9AB191F17B48500683B88 /* loader0018.png in Resources */ = {isa = PBXBuildFile; fileRef = 86A9AB051F17B48500683B88 /* loader0018.png */; };
		86A9AB1A1F17B48500683B88 /* loader0019.png in Resources */ = {isa = PBXBuildFile; fileRef = 86A9AB061F17B48500683B88 /* loader0019.png */; };
/* End PBXBuildFile section */

/* Begin PBXContainerItemProxy section */
		79ACEB981F0D9BF500AAB51A /* PBXContainerItemProxy */ = {
			isa = PBXContainerItemProxy;
			containerPortal = 79ACEB781F0D9BF400AAB51A /* Project object */;
			proxyType = 1;
			remoteGlobalIDString = 79ACEB7F1F0D9BF400AAB51A;
			remoteInfo = BarduinoApp;
		};
		79ACEBA31F0D9BF500AAB51A /* PBXContainerItemProxy */ = {
			isa = PBXContainerItemProxy;
			containerPortal = 79ACEB781F0D9BF400AAB51A /* Project object */;
			proxyType = 1;
			remoteGlobalIDString = 79ACEB7F1F0D9BF400AAB51A;
			remoteInfo = BarduinoApp;
		};
/* End PBXContainerItemProxy section */

/* Begin PBXCopyFilesBuildPhase section */
		867958231F136E2700E0AD19 /* Embed Frameworks */ = {
			isa = PBXCopyFilesBuildPhase;
			buildActionMask = 8;
			dstPath = "";
			dstSubfolderSpec = 10;
			files = (
			);
			name = "Embed Frameworks";
			runOnlyForDeploymentPostprocessing = 1;
		};
/* End PBXCopyFilesBuildPhase section */

/* Begin PBXFileReference section */
		37EA5B6AD2686F3F57103930 /* Pods-BarduinoApp.debug.xcconfig */ = {isa = PBXFileReference; includeInIndex = 1; lastKnownFileType = text.xcconfig; name = "Pods-BarduinoApp.debug.xcconfig"; path = "Pods/Target Support Files/Pods-BarduinoApp/Pods-BarduinoApp.debug.xcconfig"; sourceTree = "<group>"; };
		3BD9EFA2456502BC2DEB1802 /* Pods-BarduinoApp.release.xcconfig */ = {isa = PBXFileReference; includeInIndex = 1; lastKnownFileType = text.xcconfig; name = "Pods-BarduinoApp.release.xcconfig"; path = "Pods/Target Support Files/Pods-BarduinoApp/Pods-BarduinoApp.release.xcconfig"; sourceTree = "<group>"; };
		79ACEB801F0D9BF400AAB51A /* BarduinoApp.app */ = {isa = PBXFileReference; explicitFileType = wrapper.application; includeInIndex = 0; path = BarduinoApp.app; sourceTree = BUILT_PRODUCTS_DIR; };
		79ACEB831F0D9BF400AAB51A /* AppDelegate.swift */ = {isa = PBXFileReference; lastKnownFileType = sourcecode.swift; path = AppDelegate.swift; sourceTree = "<group>"; };
		79ACEB851F0D9BF400AAB51A /* ViewController.swift */ = {isa = PBXFileReference; lastKnownFileType = sourcecode.swift; path = ViewController.swift; sourceTree = "<group>"; };
		79ACEB8B1F0D9BF400AAB51A /* BarduinoApp.xcdatamodel */ = {isa = PBXFileReference; lastKnownFileType = wrapper.xcdatamodel; path = BarduinoApp.xcdatamodel; sourceTree = "<group>"; };
		79ACEB8D1F0D9BF400AAB51A /* Assets.xcassets */ = {isa = PBXFileReference; lastKnownFileType = folder.assetcatalog; path = Assets.xcassets; sourceTree = "<group>"; };
		79ACEB901F0D9BF400AAB51A /* Base */ = {isa = PBXFileReference; lastKnownFileType = file.storyboard; name = Base; path = Base.lproj/LaunchScreen.storyboard; sourceTree = "<group>"; };
		79ACEB921F0D9BF400AAB51A /* Info.plist */ = {isa = PBXFileReference; lastKnownFileType = text.plist.xml; path = Info.plist; sourceTree = "<group>"; };
		79ACEB971F0D9BF500AAB51A /* BarduinoAppTests.xctest */ = {isa = PBXFileReference; explicitFileType = wrapper.cfbundle; includeInIndex = 0; path = BarduinoAppTests.xctest; sourceTree = BUILT_PRODUCTS_DIR; };
		79ACEB9B1F0D9BF500AAB51A /* BarduinoAppTests.swift */ = {isa = PBXFileReference; lastKnownFileType = sourcecode.swift; path = BarduinoAppTests.swift; sourceTree = "<group>"; };
		79ACEB9D1F0D9BF500AAB51A /* Info.plist */ = {isa = PBXFileReference; lastKnownFileType = text.plist.xml; path = Info.plist; sourceTree = "<group>"; };
		79ACEBA21F0D9BF500AAB51A /* BarduinoAppUITests.xctest */ = {isa = PBXFileReference; explicitFileType = wrapper.cfbundle; includeInIndex = 0; path = BarduinoAppUITests.xctest; sourceTree = BUILT_PRODUCTS_DIR; };
		79ACEBA61F0D9BF500AAB51A /* BarduinoAppUITests.swift */ = {isa = PBXFileReference; lastKnownFileType = sourcecode.swift; path = BarduinoAppUITests.swift; sourceTree = "<group>"; };
		79ACEBA81F0D9BF500AAB51A /* Info.plist */ = {isa = PBXFileReference; lastKnownFileType = text.plist.xml; path = Info.plist; sourceTree = "<group>"; };
		865E68BD1F138A86001A0BDE /* Main.storyboard */ = {isa = PBXFileReference; fileEncoding = 4; lastKnownFileType = file.storyboard; path = Main.storyboard; sourceTree = "<group>"; };
		865E68C01F139262001A0BDE /* HomeTableViewCell.swift */ = {isa = PBXFileReference; fileEncoding = 4; lastKnownFileType = sourcecode.swift; path = HomeTableViewCell.swift; sourceTree = "<group>"; };
		865E68C31F13B16F001A0BDE /* fanta_coca.png */ = {isa = PBXFileReference; lastKnownFileType = image.png; path = fanta_coca.png; sourceTree = "<group>"; };
		865E68C41F13B16F001A0BDE /* whisky_coca2.png */ = {isa = PBXFileReference; lastKnownFileType = image.png; path = whisky_coca2.png; sourceTree = "<group>"; };
		865E68C51F13B16F001A0BDE /* whisky_coca.png */ = {isa = PBXFileReference; lastKnownFileType = image.png; path = whisky_coca.png; sourceTree = "<group>"; };
		865E68C91F13B37B001A0BDE /* OrderViewController.swift */ = {isa = PBXFileReference; fileEncoding = 4; lastKnownFileType = sourcecode.swift; path = OrderViewController.swift; sourceTree = "<group>"; };
		865E68CB1F13C2F6001A0BDE /* ProfilUserViewController.swift */ = {isa = PBXFileReference; fileEncoding = 4; lastKnownFileType = sourcecode.swift; path = ProfilUserViewController.swift; sourceTree = "<group>"; };
		865E68CD1F13C8C3001A0BDE /* QueueTableViewCell.swift */ = {isa = PBXFileReference; fileEncoding = 4; lastKnownFileType = sourcecode.swift; path = QueueTableViewCell.swift; sourceTree = "<group>"; };
		865E68CF1F13C8E5001A0BDE /* QueueTableViewController.swift */ = {isa = PBXFileReference; fileEncoding = 4; lastKnownFileType = sourcecode.swift; path = QueueTableViewController.swift; sourceTree = "<group>"; };
		865E68D11F13D3F8001A0BDE /* QrCodeViewController.swift */ = {isa = PBXFileReference; fileEncoding = 4; lastKnownFileType = sourcecode.swift; path = QrCodeViewController.swift; sourceTree = "<group>"; };
		865E68D31F14D62A001A0BDE /* Config.swift */ = {isa = PBXFileReference; fileEncoding = 4; lastKnownFileType = sourcecode.swift; path = Config.swift; sourceTree = "<group>"; };
		865E68D51F14E316001A0BDE /* RegisterViewController.swift */ = {isa = PBXFileReference; fileEncoding = 4; lastKnownFileType = sourcecode.swift; path = RegisterViewController.swift; sourceTree = "<group>"; };
		865E68D71F151F3C001A0BDE /* coins.png */ = {isa = PBXFileReference; lastKnownFileType = image.png; path = coins.png; sourceTree = "<group>"; };
		865E68D91F152028001A0BDE /* AddCoinViewController.swift */ = {isa = PBXFileReference; fileEncoding = 4; lastKnownFileType = sourcecode.swift; path = AddCoinViewController.swift; sourceTree = "<group>"; };
		865E68DB1F160F0A001A0BDE /* Utils.swift */ = {isa = PBXFileReference; fileEncoding = 4; lastKnownFileType = sourcecode.swift; path = Utils.swift; sourceTree = "<group>"; };
		8679581E1F0FCAB000E0AD19 /* HomeViewController.swift */ = {isa = PBXFileReference; fileEncoding = 4; lastKnownFileType = sourcecode.swift; path = HomeViewController.swift; sourceTree = "<group>"; };
		8679582A1F13767300E0AD19 /* Alamofire.framework */ = {isa = PBXFileReference; lastKnownFileType = wrapper.framework; name = Alamofire.framework; path = "../../../../../../../Library/Developer/Xcode/DerivedData/BarduinoApp-elpzybatjomalrbrefadgjsqedys/Build/Products/Debug-iphonesimulator/Alamofire/Alamofire.framework"; sourceTree = "<group>"; };
		8679582C1F137BAC00E0AD19 /* SwiftyJSON.framework */ = {isa = PBXFileReference; lastKnownFileType = wrapper.framework; name = SwiftyJSON.framework; path = "../../../../../../../Library/Developer/Xcode/DerivedData/BarduinoApp-elpzybatjomalrbrefadgjsqedys/Build/Products/Debug-iphonesimulator/SwiftyJSON/SwiftyJSON.framework"; sourceTree = "<group>"; };
		86A9AAC21F163D1200683B88 /* coins_active.png */ = {isa = PBXFileReference; lastKnownFileType = image.png; path = coins_active.png; sourceTree = "<group>"; };
		86A9AAC31F163D1200683B88 /* coins_normal.png */ = {isa = PBXFileReference; lastKnownFileType = image.png; path = coins_normal.png; sourceTree = "<group>"; };
		86A9AACA1F163E6200683B88 /* buy_hover.png */ = {isa = PBXFileReference; lastKnownFileType = image.png; path = buy_hover.png; sourceTree = "<group>"; };
		86A9AACC1F1652A400683B88 /* icons8-Cocktail-50.png */ = {isa = PBXFileReference; lastKnownFileType = image.png; path = "icons8-Cocktail-50.png"; sourceTree = "<group>"; };
		86A9AACE1F1652F500683B88 /* icons8-Cocktail-40.png */ = {isa = PBXFileReference; lastKnownFileType = image.png; path = "icons8-Cocktail-40.png"; sourceTree = "<group>"; };
		86A9AAD01F16532800683B88 /* icons8-Cocktail-30.png */ = {isa = PBXFileReference; lastKnownFileType = image.png; path = "icons8-Cocktail-30.png"; sourceTree = "<group>"; };
		86A9AAD21F16545100683B88 /* cocktail_filled.png */ = {isa = PBXFileReference; lastKnownFileType = image.png; path = cocktail_filled.png; sourceTree = "<group>"; };
		86A9AAD31F16545100683B88 /* cocktail.png */ = {isa = PBXFileReference; lastKnownFileType = image.png; path = cocktail.png; sourceTree = "<group>"; };
		86A9AAD61F16549E00683B88 /* shopping_cart_filled.png */ = {isa = PBXFileReference; lastKnownFileType = image.png; path = shopping_cart_filled.png; sourceTree = "<group>"; };
		86A9AAD71F16549E00683B88 /* shopping_cart.png */ = {isa = PBXFileReference; lastKnownFileType = image.png; path = shopping_cart.png; sourceTree = "<group>"; };
		86A9AADA1F16550700683B88 /* QR_Code_filled.png */ = {isa = PBXFileReference; lastKnownFileType = image.png; path = QR_Code_filled.png; sourceTree = "<group>"; };
		86A9AADB1F16550700683B88 /* QR_Code.png */ = {isa = PBXFileReference; lastKnownFileType = image.png; path = QR_Code.png; sourceTree = "<group>"; };
		86A9AADE1F16553600683B88 /* user.png */ = {isa = PBXFileReference; lastKnownFileType = image.png; path = user.png; sourceTree = "<group>"; };
		86A9AAE21F16576600683B88 /* user_icon.png */ = {isa = PBXFileReference; lastKnownFileType = image.png; path = user_icon.png; sourceTree = "<group>"; };
		86A9AAE41F1657F900683B88 /* logout.png */ = {isa = PBXFileReference; lastKnownFileType = image.png; path = logout.png; sourceTree = "<group>"; };
		86A9AAE61F1658D300683B88 /* logo.png */ = {isa = PBXFileReference; lastKnownFileType = image.png; path = logo.png; sourceTree = "<group>"; };
		86A9AAE81F1659A800683B88 /* add_user.png */ = {isa = PBXFileReference; lastKnownFileType = image.png; path = add_user.png; sourceTree = "<group>"; };
		86A9AAEA1F165A9300683B88 /* coins_big.png */ = {isa = PBXFileReference; lastKnownFileType = image.png; path = coins_big.png; sourceTree = "<group>"; };
		86A9AAEC1F16610E00683B88 /* order.png */ = {isa = PBXFileReference; lastKnownFileType = image.png; path = order.png; sourceTree = "<group>"; };
		86A9AAEE1F1672EE00683B88 /* arrow_right.png */ = {isa = PBXFileReference; lastKnownFileType = image.png; path = arrow_right.png; sourceTree = "<group>"; };
		86A9AAF31F17B48500683B88 /* loader0000.png */ = {isa = PBXFileReference; lastKnownFileType = image.png; path = loader0000.png; sourceTree = "<group>"; };
		86A9AAF41F17B48500683B88 /* loader0001.png */ = {isa = PBXFileReference; lastKnownFileType = image.png; path = loader0001.png; sourceTree = "<group>"; };
		86A9AAF51F17B48500683B88 /* loader0002.png */ = {isa = PBXFileReference; lastKnownFileType = image.png; path = loader0002.png; sourceTree = "<group>"; };
		86A9AAF61F17B48500683B88 /* loader0003.png */ = {isa = PBXFileReference; lastKnownFileType = image.png; path = loader0003.png; sourceTree = "<group>"; };
		86A9AAF71F17B48500683B88 /* loader0004.png */ = {isa = PBXFileReference; lastKnownFileType = image.png; path = loader0004.png; sourceTree = "<group>"; };
		86A9AAF81F17B48500683B88 /* loader0005.png */ = {isa = PBXFileReference; lastKnownFileType = image.png; path = loader0005.png; sourceTree = "<group>"; };
		86A9AAF91F17B48500683B88 /* loader0006.png */ = {isa = PBXFileReference; lastKnownFileType = image.png; path = loader0006.png; sourceTree = "<group>"; };
		86A9AAFA1F17B48500683B88 /* loader0007.png */ = {isa = PBXFileReference; lastKnownFileType = image.png; path = loader0007.png; sourceTree = "<group>"; };
		86A9AAFB1F17B48500683B88 /* loader0008.png */ = {isa = PBXFileReference; lastKnownFileType = image.png; path = loader0008.png; sourceTree = "<group>"; };
		86A9AAFC1F17B48500683B88 /* loader0009.png */ = {isa = PBXFileReference; lastKnownFileType = image.png; path = loader0009.png; sourceTree = "<group>"; };
		86A9AAFD1F17B48500683B88 /* loader0010.png */ = {isa = PBXFileReference; lastKnownFileType = image.png; path = loader0010.png; sourceTree = "<group>"; };
		86A9AAFE1F17B48500683B88 /* loader0011.png */ = {isa = PBXFileReference; lastKnownFileType = image.png; path = loader0011.png; sourceTree = "<group>"; };
		86A9AAFF1F17B48500683B88 /* loader0012.png */ = {isa = PBXFileReference; lastKnownFileType = image.png; path = loader0012.png; sourceTree = "<group>"; };
		86A9AB001F17B48500683B88 /* loader0013.png */ = {isa = PBXFileReference; lastKnownFileType = image.png; path = loader0013.png; sourceTree = "<group>"; };
		86A9AB011F17B48500683B88 /* loader0014.png */ = {isa = PBXFileReference; lastKnownFileType = image.png; path = loader0014.png; sourceTree = "<group>"; };
		86A9AB021F17B48500683B88 /* loader0015.png */ = {isa = PBXFileReference; lastKnownFileType = image.png; path = loader0015.png; sourceTree = "<group>"; };
		86A9AB031F17B48500683B88 /* loader0016.png */ = {isa = PBXFileReference; lastKnownFileType = image.png; path = loader0016.png; sourceTree = "<group>"; };
		86A9AB041F17B48500683B88 /* loader0017.png */ = {isa = PBXFileReference; lastKnownFileType = image.png; path = loader0017.png; sourceTree = "<group>"; };
		86A9AB051F17B48500683B88 /* loader0018.png */ = {isa = PBXFileReference; lastKnownFileType = image.png; path = loader0018.png; sourceTree = "<group>"; };
		86A9AB061F17B48500683B88 /* loader0019.png */ = {isa = PBXFileReference; lastKnownFileType = image.png; path = loader0019.png; sourceTree = "<group>"; };
		B5BAF2834BF1181D54255CD0 /* Pods_BarduinoApp.framework */ = {isa = PBXFileReference; explicitFileType = wrapper.framework; includeInIndex = 0; path = Pods_BarduinoApp.framework; sourceTree = BUILT_PRODUCTS_DIR; };
/* End PBXFileReference section */

/* Begin PBXFrameworksBuildPhase section */
		79ACEB7D1F0D9BF400AAB51A /* Frameworks */ = {
			isa = PBXFrameworksBuildPhase;
			buildActionMask = 2147483647;
			files = (
				8679582D1F137BAC00E0AD19 /* SwiftyJSON.framework in Frameworks */,
				8679582B1F13767300E0AD19 /* Alamofire.framework in Frameworks */,
				2F5D537A2B334D26D0E6B15D /* Pods_BarduinoApp.framework in Frameworks */,
			);
			runOnlyForDeploymentPostprocessing = 0;
		};
		79ACEB941F0D9BF500AAB51A /* Frameworks */ = {
			isa = PBXFrameworksBuildPhase;
			buildActionMask = 2147483647;
			files = (
			);
			runOnlyForDeploymentPostprocessing = 0;
		};
		79ACEB9F1F0D9BF500AAB51A /* Frameworks */ = {
			isa = PBXFrameworksBuildPhase;
			buildActionMask = 2147483647;
			files = (
			);
			runOnlyForDeploymentPostprocessing = 0;
		};
/* End PBXFrameworksBuildPhase section */

/* Begin PBXGroup section */
		161E3F13A89712A76096674C /* Frameworks */ = {
			isa = PBXGroup;
			children = (
				8679582C1F137BAC00E0AD19 /* SwiftyJSON.framework */,
				8679582A1F13767300E0AD19 /* Alamofire.framework */,
				B5BAF2834BF1181D54255CD0 /* Pods_BarduinoApp.framework */,
			);
			name = Frameworks;
			sourceTree = "<group>";
		};
		79ACEB771F0D9BF400AAB51A = {
			isa = PBXGroup;
			children = (
				79ACEB821F0D9BF400AAB51A /* BarduinoApp */,
				79ACEB9A1F0D9BF500AAB51A /* BarduinoAppTests */,
				79ACEBA51F0D9BF500AAB51A /* BarduinoAppUITests */,
				79ACEB811F0D9BF400AAB51A /* Products */,
				F43A631245075FDC205300EF /* Pods */,
				161E3F13A89712A76096674C /* Frameworks */,
			);
			sourceTree = "<group>";
		};
		79ACEB811F0D9BF400AAB51A /* Products */ = {
			isa = PBXGroup;
			children = (
				79ACEB801F0D9BF400AAB51A /* BarduinoApp.app */,
				79ACEB971F0D9BF500AAB51A /* BarduinoAppTests.xctest */,
				79ACEBA21F0D9BF500AAB51A /* BarduinoAppUITests.xctest */,
			);
			name = Products;
			sourceTree = "<group>";
		};
		79ACEB821F0D9BF400AAB51A /* BarduinoApp */ = {
			isa = PBXGroup;
			children = (
				865E68C21F13B161001A0BDE /* Res */,
				861DE56D1F0F995900654D64 /* Controller */,
				79ACEB831F0D9BF400AAB51A /* AppDelegate.swift */,
				79ACEB851F0D9BF400AAB51A /* ViewController.swift */,
				865E68BD1F138A86001A0BDE /* Main.storyboard */,
				79ACEB8D1F0D9BF400AAB51A /* Assets.xcassets */,
				79ACEB8F1F0D9BF400AAB51A /* LaunchScreen.storyboard */,
				79ACEB921F0D9BF400AAB51A /* Info.plist */,
				79ACEB8A1F0D9BF400AAB51A /* BarduinoApp.xcdatamodeld */,
				865E68D31F14D62A001A0BDE /* Config.swift */,
				865E68DB1F160F0A001A0BDE /* Utils.swift */,
			);
			path = BarduinoApp;
			sourceTree = "<group>";
		};
		79ACEB9A1F0D9BF500AAB51A /* BarduinoAppTests */ = {
			isa = PBXGroup;
			children = (
				79ACEB9B1F0D9BF500AAB51A /* BarduinoAppTests.swift */,
				79ACEB9D1F0D9BF500AAB51A /* Info.plist */,
			);
			path = BarduinoAppTests;
			sourceTree = "<group>";
		};
		79ACEBA51F0D9BF500AAB51A /* BarduinoAppUITests */ = {
			isa = PBXGroup;
			children = (
				79ACEBA61F0D9BF500AAB51A /* BarduinoAppUITests.swift */,
				79ACEBA81F0D9BF500AAB51A /* Info.plist */,
			);
			path = BarduinoAppUITests;
			sourceTree = "<group>";
		};
		861DE56D1F0F995900654D64 /* Controller */ = {
			isa = PBXGroup;
			children = (
				865E68BF1F13923D001A0BDE /* Cells */,
				861DE56E1F0F996A00654D64 /* Views */,
			);
			name = Controller;
			sourceTree = "<group>";
		};
		861DE56E1F0F996A00654D64 /* Views */ = {
			isa = PBXGroup;
			children = (
				8679581E1F0FCAB000E0AD19 /* HomeViewController.swift */,
				865E68C91F13B37B001A0BDE /* OrderViewController.swift */,
				865E68CB1F13C2F6001A0BDE /* ProfilUserViewController.swift */,
				865E68CF1F13C8E5001A0BDE /* QueueTableViewController.swift */,
				865E68D11F13D3F8001A0BDE /* QrCodeViewController.swift */,
				865E68D51F14E316001A0BDE /* RegisterViewController.swift */,
				865E68D91F152028001A0BDE /* AddCoinViewController.swift */,
			);
			name = Views;
			sourceTree = "<group>";
		};
		865E68BF1F13923D001A0BDE /* Cells */ = {
			isa = PBXGroup;
			children = (
				865E68C01F139262001A0BDE /* HomeTableViewCell.swift */,
				865E68CD1F13C8C3001A0BDE /* QueueTableViewCell.swift */,
			);
			name = Cells;
			sourceTree = "<group>";
		};
		865E68C21F13B161001A0BDE /* Res */ = {
			isa = PBXGroup;
			children = (
				86A9AAF21F17B48500683B88 /* loading */,
				86A9AAE61F1658D300683B88 /* logo.png */,
				86A9AAE81F1659A800683B88 /* add_user.png */,
				86A9AACE1F1652F500683B88 /* icons8-Cocktail-40.png */,
				86A9AACC1F1652A400683B88 /* icons8-Cocktail-50.png */,
				86A9AAD61F16549E00683B88 /* shopping_cart_filled.png */,
				86A9AAD71F16549E00683B88 /* shopping_cart.png */,
				86A9AAEC1F16610E00683B88 /* order.png */,
				86A9AAEE1F1672EE00683B88 /* arrow_right.png */,
				86A9AAD01F16532800683B88 /* icons8-Cocktail-30.png */,
				86A9AAEA1F165A9300683B88 /* coins_big.png */,
				86A9AADA1F16550700683B88 /* QR_Code_filled.png */,
				86A9AADB1F16550700683B88 /* QR_Code.png */,
				86A9AAE41F1657F900683B88 /* logout.png */,
				86A9AAE21F16576600683B88 /* user_icon.png */,
				86A9AADE1F16553600683B88 /* user.png */,
				86A9AAD21F16545100683B88 /* cocktail_filled.png */,
				86A9AAD31F16545100683B88 /* cocktail.png */,
				86A9AACA1F163E6200683B88 /* buy_hover.png */,
				86A9AAC21F163D1200683B88 /* coins_active.png */,
				86A9AAC31F163D1200683B88 /* coins_normal.png */,
				865E68D71F151F3C001A0BDE /* coins.png */,
				865E68C31F13B16F001A0BDE /* fanta_coca.png */,
				865E68C41F13B16F001A0BDE /* whisky_coca2.png */,
				865E68C51F13B16F001A0BDE /* whisky_coca.png */,
			);
			name = Res;
			sourceTree = "<group>";
		};
		86A9AAF21F17B48500683B88 /* loading */ = {
			isa = PBXGroup;
			children = (
				86A9AAF31F17B48500683B88 /* loader0000.png */,
				86A9AAF41F17B48500683B88 /* loader0001.png */,
				86A9AAF51F17B48500683B88 /* loader0002.png */,
				86A9AAF61F17B48500683B88 /* loader0003.png */,
				86A9AAF71F17B48500683B88 /* loader0004.png */,
				86A9AAF81F17B48500683B88 /* loader0005.png */,
				86A9AAF91F17B48500683B88 /* loader0006.png */,
				86A9AAFA1F17B48500683B88 /* loader0007.png */,
				86A9AAFB1F17B48500683B88 /* loader0008.png */,
				86A9AAFC1F17B48500683B88 /* loader0009.png */,
				86A9AAFD1F17B48500683B88 /* loader0010.png */,
				86A9AAFE1F17B48500683B88 /* loader0011.png */,
				86A9AAFF1F17B48500683B88 /* loader0012.png */,
				86A9AB001F17B48500683B88 /* loader0013.png */,
				86A9AB011F17B48500683B88 /* loader0014.png */,
				86A9AB021F17B48500683B88 /* loader0015.png */,
				86A9AB031F17B48500683B88 /* loader0016.png */,
				86A9AB041F17B48500683B88 /* loader0017.png */,
				86A9AB051F17B48500683B88 /* loader0018.png */,
				86A9AB061F17B48500683B88 /* loader0019.png */,
			);
			path = loading;
			sourceTree = "<group>";
		};
		F43A631245075FDC205300EF /* Pods */ = {
			isa = PBXGroup;
			children = (
				37EA5B6AD2686F3F57103930 /* Pods-BarduinoApp.debug.xcconfig */,
				3BD9EFA2456502BC2DEB1802 /* Pods-BarduinoApp.release.xcconfig */,
			);
			name = Pods;
			sourceTree = "<group>";
		};
/* End PBXGroup section */

/* Begin PBXNativeTarget section */
		79ACEB7F1F0D9BF400AAB51A /* BarduinoApp */ = {
			isa = PBXNativeTarget;
			buildConfigurationList = 79ACEBAB1F0D9BF500AAB51A /* Build configuration list for PBXNativeTarget "BarduinoApp" */;
			buildPhases = (
				3C17DD3CE454BD883A5F46B7 /* [CP] Check Pods Manifest.lock */,
				79ACEB7C1F0D9BF400AAB51A /* Sources */,
				79ACEB7D1F0D9BF400AAB51A /* Frameworks */,
				79ACEB7E1F0D9BF400AAB51A /* Resources */,
				00207D7E21DE3AC32D6D4222 /* [CP] Embed Pods Frameworks */,
				7DABA75F911A8A1F4FD88C95 /* [CP] Copy Pods Resources */,
				867958231F136E2700E0AD19 /* Embed Frameworks */,
			);
			buildRules = (
			);
			dependencies = (
			);
			name = BarduinoApp;
			productName = BarduinoApp;
			productReference = 79ACEB801F0D9BF400AAB51A /* BarduinoApp.app */;
			productType = "com.apple.product-type.application";
		};
		79ACEB961F0D9BF500AAB51A /* BarduinoAppTests */ = {
			isa = PBXNativeTarget;
			buildConfigurationList = 79ACEBAE1F0D9BF500AAB51A /* Build configuration list for PBXNativeTarget "BarduinoAppTests" */;
			buildPhases = (
				79ACEB931F0D9BF500AAB51A /* Sources */,
				79ACEB941F0D9BF500AAB51A /* Frameworks */,
				79ACEB951F0D9BF500AAB51A /* Resources */,
			);
			buildRules = (
			);
			dependencies = (
				79ACEB991F0D9BF500AAB51A /* PBXTargetDependency */,
			);
			name = BarduinoAppTests;
			productName = BarduinoAppTests;
			productReference = 79ACEB971F0D9BF500AAB51A /* BarduinoAppTests.xctest */;
			productType = "com.apple.product-type.bundle.unit-test";
		};
		79ACEBA11F0D9BF500AAB51A /* BarduinoAppUITests */ = {
			isa = PBXNativeTarget;
			buildConfigurationList = 79ACEBB11F0D9BF500AAB51A /* Build configuration list for PBXNativeTarget "BarduinoAppUITests" */;
			buildPhases = (
				79ACEB9E1F0D9BF500AAB51A /* Sources */,
				79ACEB9F1F0D9BF500AAB51A /* Frameworks */,
				79ACEBA01F0D9BF500AAB51A /* Resources */,
			);
			buildRules = (
			);
			dependencies = (
				79ACEBA41F0D9BF500AAB51A /* PBXTargetDependency */,
			);
			name = BarduinoAppUITests;
			productName = BarduinoAppUITests;
			productReference = 79ACEBA21F0D9BF500AAB51A /* BarduinoAppUITests.xctest */;
			productType = "com.apple.product-type.bundle.ui-testing";
		};
/* End PBXNativeTarget section */

/* Begin PBXProject section */
		79ACEB781F0D9BF400AAB51A /* Project object */ = {
			isa = PBXProject;
			attributes = {
				LastSwiftUpdateCheck = 0820;
				LastUpgradeCheck = 0820;
				ORGANIZATIONNAME = "Selom Viadenou";
				TargetAttributes = {
					79ACEB7F1F0D9BF400AAB51A = {
						CreatedOnToolsVersion = 8.2.1;
						DevelopmentTeam = 6SD7Y876X3;
						ProvisioningStyle = Automatic;
					};
					79ACEB961F0D9BF500AAB51A = {
						CreatedOnToolsVersion = 8.2.1;
						DevelopmentTeam = 8P4FFBGM2L;
						ProvisioningStyle = Automatic;
						TestTargetID = 79ACEB7F1F0D9BF400AAB51A;
					};
					79ACEBA11F0D9BF500AAB51A = {
						CreatedOnToolsVersion = 8.2.1;
						DevelopmentTeam = 8P4FFBGM2L;
						ProvisioningStyle = Automatic;
						TestTargetID = 79ACEB7F1F0D9BF400AAB51A;
					};
				};
			};
			buildConfigurationList = 79ACEB7B1F0D9BF400AAB51A /* Build configuration list for PBXProject "BarduinoApp" */;
			compatibilityVersion = "Xcode 3.2";
			developmentRegion = English;
			hasScannedForEncodings = 0;
			knownRegions = (
				en,
				Base,
			);
			mainGroup = 79ACEB771F0D9BF400AAB51A;
			productRefGroup = 79ACEB811F0D9BF400AAB51A /* Products */;
			projectDirPath = "";
			projectRoot = "";
			targets = (
				79ACEB7F1F0D9BF400AAB51A /* BarduinoApp */,
				79ACEB961F0D9BF500AAB51A /* BarduinoAppTests */,
				79ACEBA11F0D9BF500AAB51A /* BarduinoAppUITests */,
			);
		};
/* End PBXProject section */

/* Begin PBXResourcesBuildPhase section */
		79ACEB7E1F0D9BF400AAB51A /* Resources */ = {
			isa = PBXResourcesBuildPhase;
			buildActionMask = 2147483647;
			files = (
				86A9AB0F1F17B48500683B88 /* loader0008.png in Resources */,
				86A9AAE31F16576600683B88 /* user_icon.png in Resources */,
				86A9AAEB1F165A9300683B88 /* coins_big.png in Resources */,
				86A9AAE71F1658D300683B88 /* logo.png in Resources */,
				86A9AAC61F163D1200683B88 /* coins_active.png in Resources */,
				86A9AACD1F1652A400683B88 /* icons8-Cocktail-50.png in Resources */,
				86A9AB141F17B48500683B88 /* loader0013.png in Resources */,
				86A9AAD91F16549E00683B88 /* shopping_cart.png in Resources */,
				86A9AADC1F16550700683B88 /* QR_Code_filled.png in Resources */,
				865E68C61F13B16F001A0BDE /* fanta_coca.png in Resources */,
				86A9AADD1F16550700683B88 /* QR_Code.png in Resources */,
				86A9AB0E1F17B48500683B88 /* loader0007.png in Resources */,
				86A9AAE51F1657F900683B88 /* logout.png in Resources */,
				86A9AADF1F16553600683B88 /* user.png in Resources */,
				86A9AB0A1F17B48500683B88 /* loader0003.png in Resources */,
				86A9AB121F17B48500683B88 /* loader0011.png in Resources */,
				86A9AAD11F16532800683B88 /* icons8-Cocktail-30.png in Resources */,
				865E68BE1F138A86001A0BDE /* Main.storyboard in Resources */,
				86A9AB081F17B48500683B88 /* loader0001.png in Resources */,
				865E68D81F151F3C001A0BDE /* coins.png in Resources */,
				86A9AB131F17B48500683B88 /* loader0012.png in Resources */,
				86A9AAEF1F1672EE00683B88 /* arrow_right.png in Resources */,
				86A9AB111F17B48500683B88 /* loader0010.png in Resources */,
				86A9AACF1F1652F500683B88 /* icons8-Cocktail-40.png in Resources */,
				86A9AB0C1F17B48500683B88 /* loader0005.png in Resources */,
				86A9AB071F17B48500683B88 /* loader0000.png in Resources */,
				86A9AAE91F1659A800683B88 /* add_user.png in Resources */,
				86A9AAD41F16545100683B88 /* cocktail_filled.png in Resources */,
				86A9AB0D1F17B48500683B88 /* loader0006.png in Resources */,
				86A9AB151F17B48500683B88 /* loader0014.png in Resources */,
				865E68C81F13B16F001A0BDE /* whisky_coca.png in Resources */,
				86A9AB171F17B48500683B88 /* loader0016.png in Resources */,
				79ACEB911F0D9BF400AAB51A /* LaunchScreen.storyboard in Resources */,
				86A9AAD51F16545100683B88 /* cocktail.png in Resources */,
				86A9AAD81F16549E00683B88 /* shopping_cart_filled.png in Resources */,
				86A9AB191F17B48500683B88 /* loader0018.png in Resources */,
				86A9AB091F17B48500683B88 /* loader0002.png in Resources */,
				79ACEB8E1F0D9BF400AAB51A /* Assets.xcassets in Resources */,
				86A9AAED1F16610E00683B88 /* order.png in Resources */,
				86A9AB0B1F17B48500683B88 /* loader0004.png in Resources */,
				86A9AACB1F163E6200683B88 /* buy_hover.png in Resources */,
				865E68C71F13B16F001A0BDE /* whisky_coca2.png in Resources */,
				86A9AAC71F163D1200683B88 /* coins_normal.png in Resources */,
				86A9AB101F17B48500683B88 /* loader0009.png in Resources */,
				86A9AB161F17B48500683B88 /* loader0015.png in Resources */,
				86A9AB1A1F17B48500683B88 /* loader0019.png in Resources */,
				86A9AB181F17B48500683B88 /* loader0017.png in Resources */,
			);
			runOnlyForDeploymentPostprocessing = 0;
		};
		79ACEB951F0D9BF500AAB51A /* Resources */ = {
			isa = PBXResourcesBuildPhase;
			buildActionMask = 2147483647;
			files = (
			);
			runOnlyForDeploymentPostprocessing = 0;
		};
		79ACEBA01F0D9BF500AAB51A /* Resources */ = {
			isa = PBXResourcesBuildPhase;
			buildActionMask = 2147483647;
			files = (
			);
			runOnlyForDeploymentPostprocessing = 0;
		};
/* End PBXResourcesBuildPhase section */

/* Begin PBXShellScriptBuildPhase section */
		00207D7E21DE3AC32D6D4222 /* [CP] Embed Pods Frameworks */ = {
			isa = PBXShellScriptBuildPhase;
			buildActionMask = 2147483647;
			files = (
			);
			inputPaths = (
			);
			name = "[CP] Embed Pods Frameworks";
			outputPaths = (
			);
			runOnlyForDeploymentPostprocessing = 0;
			shellPath = /bin/sh;
			shellScript = "\"${SRCROOT}/Pods/Target Support Files/Pods-BarduinoApp/Pods-BarduinoApp-frameworks.sh\"\n";
			showEnvVarsInLog = 0;
		};
		3C17DD3CE454BD883A5F46B7 /* [CP] Check Pods Manifest.lock */ = {
			isa = PBXShellScriptBuildPhase;
			buildActionMask = 2147483647;
			files = (
			);
			inputPaths = (
			);
			name = "[CP] Check Pods Manifest.lock";
			outputPaths = (
			);
			runOnlyForDeploymentPostprocessing = 0;
			shellPath = /bin/sh;
			shellScript = "diff \"${PODS_PODFILE_DIR_PATH}/Podfile.lock\" \"${PODS_ROOT}/Manifest.lock\" > /dev/null\nif [ $? != 0 ] ; then\n    # print error to STDERR\n    echo \"error: The sandbox is not in sync with the Podfile.lock. Run 'pod install' or update your CocoaPods installation.\" >&2\n    exit 1\nfi\n";
			showEnvVarsInLog = 0;
		};
		7DABA75F911A8A1F4FD88C95 /* [CP] Copy Pods Resources */ = {
			isa = PBXShellScriptBuildPhase;
			buildActionMask = 2147483647;
			files = (
			);
			inputPaths = (
			);
			name = "[CP] Copy Pods Resources";
			outputPaths = (
			);
			runOnlyForDeploymentPostprocessing = 0;
			shellPath = /bin/sh;
			shellScript = "\"${SRCROOT}/Pods/Target Support Files/Pods-BarduinoApp/Pods-BarduinoApp-resources.sh\"\n";
			showEnvVarsInLog = 0;
		};
/* End PBXShellScriptBuildPhase section */

/* Begin PBXSourcesBuildPhase section */
		79ACEB7C1F0D9BF400AAB51A /* Sources */ = {
			isa = PBXSourcesBuildPhase;
			buildActionMask = 2147483647;
			files = (
				79ACEB8C1F0D9BF400AAB51A /* BarduinoApp.xcdatamodeld in Sources */,
				865E68C11F139262001A0BDE /* HomeTableViewCell.swift in Sources */,
				865E68D21F13D3F8001A0BDE /* QrCodeViewController.swift in Sources */,
				865E68DC1F160F0B001A0BDE /* Utils.swift in Sources */,
				865E68D61F14E316001A0BDE /* RegisterViewController.swift in Sources */,
				79ACEB861F0D9BF400AAB51A /* ViewController.swift in Sources */,
				865E68D41F14D62A001A0BDE /* Config.swift in Sources */,
				865E68CE1F13C8C3001A0BDE /* QueueTableViewCell.swift in Sources */,
				865E68D01F13C8E5001A0BDE /* QueueTableViewController.swift in Sources */,
				865E68CC1F13C2F6001A0BDE /* ProfilUserViewController.swift in Sources */,
				79ACEB841F0D9BF400AAB51A /* AppDelegate.swift in Sources */,
				8679581F1F0FCAB000E0AD19 /* HomeViewController.swift in Sources */,
				865E68CA1F13B37B001A0BDE /* OrderViewController.swift in Sources */,
				865E68DA1F152028001A0BDE /* AddCoinViewController.swift in Sources */,
			);
			runOnlyForDeploymentPostprocessing = 0;
		};
		79ACEB931F0D9BF500AAB51A /* Sources */ = {
			isa = PBXSourcesBuildPhase;
			buildActionMask = 2147483647;
			files = (
				79ACEB9C1F0D9BF500AAB51A /* BarduinoAppTests.swift in Sources */,
			);
			runOnlyForDeploymentPostprocessing = 0;
		};
		79ACEB9E1F0D9BF500AAB51A /* Sources */ = {
			isa = PBXSourcesBuildPhase;
			buildActionMask = 2147483647;
			files = (
				79ACEBA71F0D9BF500AAB51A /* BarduinoAppUITests.swift in Sources */,
			);
			runOnlyForDeploymentPostprocessing = 0;
		};
/* End PBXSourcesBuildPhase section */

/* Begin PBXTargetDependency section */
		79ACEB991F0D9BF500AAB51A /* PBXTargetDependency */ = {
			isa = PBXTargetDependency;
			target = 79ACEB7F1F0D9BF400AAB51A /* BarduinoApp */;
			targetProxy = 79ACEB981F0D9BF500AAB51A /* PBXContainerItemProxy */;
		};
		79ACEBA41F0D9BF500AAB51A /* PBXTargetDependency */ = {
			isa = PBXTargetDependency;
			target = 79ACEB7F1F0D9BF400AAB51A /* BarduinoApp */;
			targetProxy = 79ACEBA31F0D9BF500AAB51A /* PBXContainerItemProxy */;
		};
/* End PBXTargetDependency section */

/* Begin PBXVariantGroup section */
		79ACEB8F1F0D9BF400AAB51A /* LaunchScreen.storyboard */ = {
			isa = PBXVariantGroup;
			children = (
				79ACEB901F0D9BF400AAB51A /* Base */,
			);
			name = LaunchScreen.storyboard;
			sourceTree = "<group>";
		};
/* End PBXVariantGroup section */

/* Begin XCBuildConfiguration section */
		79ACEBA91F0D9BF500AAB51A /* Debug */ = {
			isa = XCBuildConfiguration;
			buildSettings = {
				ALWAYS_SEARCH_USER_PATHS = NO;
				CLANG_ANALYZER_NONNULL = YES;
				CLANG_CXX_LANGUAGE_STANDARD = "gnu++0x";
				CLANG_CXX_LIBRARY = "libc++";
				CLANG_ENABLE_MODULES = YES;
				CLANG_ENABLE_OBJC_ARC = YES;
				CLANG_WARN_BOOL_CONVERSION = YES;
				CLANG_WARN_CONSTANT_CONVERSION = YES;
				CLANG_WARN_DIRECT_OBJC_ISA_USAGE = YES_ERROR;
				CLANG_WARN_DOCUMENTATION_COMMENTS = YES;
				CLANG_WARN_EMPTY_BODY = YES;
				CLANG_WARN_ENUM_CONVERSION = YES;
				CLANG_WARN_INFINITE_RECURSION = YES;
				CLANG_WARN_INT_CONVERSION = YES;
				CLANG_WARN_OBJC_ROOT_CLASS = YES_ERROR;
				CLANG_WARN_SUSPICIOUS_MOVE = YES;
				CLANG_WARN_UNREACHABLE_CODE = YES;
				CLANG_WARN__DUPLICATE_METHOD_MATCH = YES;
				"CODE_SIGN_IDENTITY[sdk=iphoneos*]" = "iPhone Developer";
				COPY_PHASE_STRIP = NO;
				DEBUG_INFORMATION_FORMAT = dwarf;
				ENABLE_STRICT_OBJC_MSGSEND = YES;
				ENABLE_TESTABILITY = YES;
				GCC_C_LANGUAGE_STANDARD = gnu99;
				GCC_DYNAMIC_NO_PIC = NO;
				GCC_NO_COMMON_BLOCKS = YES;
				GCC_OPTIMIZATION_LEVEL = 0;
				GCC_PREPROCESSOR_DEFINITIONS = (
					"DEBUG=1",
					"$(inherited)",
				);
				GCC_WARN_64_TO_32_BIT_CONVERSION = YES;
				GCC_WARN_ABOUT_RETURN_TYPE = YES_ERROR;
				GCC_WARN_UNDECLARED_SELECTOR = YES;
				GCC_WARN_UNINITIALIZED_AUTOS = YES_AGGRESSIVE;
				GCC_WARN_UNUSED_FUNCTION = YES;
				GCC_WARN_UNUSED_VARIABLE = YES;
				IPHONEOS_DEPLOYMENT_TARGET = 10.2;
				MTL_ENABLE_DEBUG_INFO = YES;
				ONLY_ACTIVE_ARCH = YES;
				SDKROOT = iphoneos;
				SWIFT_ACTIVE_COMPILATION_CONDITIONS = DEBUG;
				SWIFT_OPTIMIZATION_LEVEL = "-Onone";
			};
			name = Debug;
		};
		79ACEBAA1F0D9BF500AAB51A /* Release */ = {
			isa = XCBuildConfiguration;
			buildSettings = {
				ALWAYS_SEARCH_USER_PATHS = NO;
				CLANG_ANALYZER_NONNULL = YES;
				CLANG_CXX_LANGUAGE_STANDARD = "gnu++0x";
				CLANG_CXX_LIBRARY = "libc++";
				CLANG_ENABLE_MODULES = YES;
				CLANG_ENABLE_OBJC_ARC = YES;
				CLANG_WARN_BOOL_CONVERSION = YES;
				CLANG_WARN_CONSTANT_CONVERSION = YES;
				CLANG_WARN_DIRECT_OBJC_ISA_USAGE = YES_ERROR;
				CLANG_WARN_DOCUMENTATION_COMMENTS = YES;
				CLANG_WARN_EMPTY_BODY = YES;
				CLANG_WARN_ENUM_CONVERSION = YES;
				CLANG_WARN_INFINITE_RECURSION = YES;
				CLANG_WARN_INT_CONVERSION = YES;
				CLANG_WARN_OBJC_ROOT_CLASS = YES_ERROR;
				CLANG_WARN_SUSPICIOUS_MOVE = YES;
				CLANG_WARN_UNREACHABLE_CODE = YES;
				CLANG_WARN__DUPLICATE_METHOD_MATCH = YES;
				"CODE_SIGN_IDENTITY[sdk=iphoneos*]" = "iPhone Developer";
				COPY_PHASE_STRIP = NO;
				DEBUG_INFORMATION_FORMAT = "dwarf-with-dsym";
				ENABLE_NS_ASSERTIONS = NO;
				ENABLE_STRICT_OBJC_MSGSEND = YES;
				GCC_C_LANGUAGE_STANDARD = gnu99;
				GCC_NO_COMMON_BLOCKS = YES;
				GCC_WARN_64_TO_32_BIT_CONVERSION = YES;
				GCC_WARN_ABOUT_RETURN_TYPE = YES_ERROR;
				GCC_WARN_UNDECLARED_SELECTOR = YES;
				GCC_WARN_UNINITIALIZED_AUTOS = YES_AGGRESSIVE;
				GCC_WARN_UNUSED_FUNCTION = YES;
				GCC_WARN_UNUSED_VARIABLE = YES;
				IPHONEOS_DEPLOYMENT_TARGET = 10.2;
				MTL_ENABLE_DEBUG_INFO = NO;
				SDKROOT = iphoneos;
				SWIFT_OPTIMIZATION_LEVEL = "-Owholemodule";
				VALIDATE_PRODUCT = YES;
			};
			name = Release;
		};
		79ACEBAC1F0D9BF500AAB51A /* Debug */ = {
			isa = XCBuildConfiguration;
			baseConfigurationReference = 37EA5B6AD2686F3F57103930 /* Pods-BarduinoApp.debug.xcconfig */;
			buildSettings = {
				ASSETCATALOG_COMPILER_APPICON_NAME = AppIcon;
				CODE_SIGN_IDENTITY = "iPhone Developer: mrfull31@gmail.com (U6983R6HK7)";
				"CODE_SIGN_IDENTITY[sdk=iphoneos*]" = "iPhone Developer";
				DEVELOPMENT_TEAM = 6SD7Y876X3;
				INFOPLIST_FILE = BarduinoApp/Info.plist;
				LD_RUNPATH_SEARCH_PATHS = "$(inherited) @executable_path/Frameworks";
				PRODUCT_BUNDLE_IDENTIFIER = com.Barduino;
				PRODUCT_NAME = "$(TARGET_NAME)";
				PROVISIONING_PROFILE_SPECIFIER = "";
				SWIFT_VERSION = 3.0;
			};
			name = Debug;
		};
		79ACEBAD1F0D9BF500AAB51A /* Release */ = {
			isa = XCBuildConfiguration;
			baseConfigurationReference = 3BD9EFA2456502BC2DEB1802 /* Pods-BarduinoApp.release.xcconfig */;
			buildSettings = {
				ASSETCATALOG_COMPILER_APPICON_NAME = AppIcon;
				CODE_SIGN_IDENTITY = "iPhone Developer";
				"CODE_SIGN_IDENTITY[sdk=iphoneos*]" = "iPhone Developer";
				DEVELOPMENT_TEAM = 6SD7Y876X3;
				INFOPLIST_FILE = BarduinoApp/Info.plist;
				LD_RUNPATH_SEARCH_PATHS = "$(inherited) @executable_path/Frameworks";
				PRODUCT_BUNDLE_IDENTIFIER = com.Barduino;
				PRODUCT_NAME = "$(TARGET_NAME)";
				PROVISIONING_PROFILE_SPECIFIER = "";
				SWIFT_VERSION = 3.0;
			};
			name = Release;
		};
		79ACEBAF1F0D9BF500AAB51A /* Debug */ = {
			isa = XCBuildConfiguration;
			buildSettings = {
				ALWAYS_EMBED_SWIFT_STANDARD_LIBRARIES = YES;
				BUNDLE_LOADER = "$(TEST_HOST)";
				DEVELOPMENT_TEAM = 8P4FFBGM2L;
				INFOPLIST_FILE = BarduinoAppTests/Info.plist;
				LD_RUNPATH_SEARCH_PATHS = "$(inherited) @executable_path/Frameworks @loader_path/Frameworks";
				PRODUCT_BUNDLE_IDENTIFIER = Marabou.BarduinoAppTests;
				PRODUCT_NAME = "$(TARGET_NAME)";
				SWIFT_VERSION = 3.0;
				TEST_HOST = "$(BUILT_PRODUCTS_DIR)/BarduinoApp.app/BarduinoApp";
			};
			name = Debug;
		};
		79ACEBB01F0D9BF500AAB51A /* Release */ = {
			isa = XCBuildConfiguration;
			buildSettings = {
				ALWAYS_EMBED_SWIFT_STANDARD_LIBRARIES = YES;
				BUNDLE_LOADER = "$(TEST_HOST)";
				DEVELOPMENT_TEAM = 8P4FFBGM2L;
				INFOPLIST_FILE = BarduinoAppTests/Info.plist;
				LD_RUNPATH_SEARCH_PATHS = "$(inherited) @executable_path/Frameworks @loader_path/Frameworks";
				PRODUCT_BUNDLE_IDENTIFIER = Marabou.BarduinoAppTests;
				PRODUCT_NAME = "$(TARGET_NAME)";
				SWIFT_VERSION = 3.0;
				TEST_HOST = "$(BUILT_PRODUCTS_DIR)/BarduinoApp.app/BarduinoApp";
			};
			name = Release;
		};
		79ACEBB21F0D9BF500AAB51A /* Debug */ = {
			isa = XCBuildConfiguration;
			buildSettings = {
				ALWAYS_EMBED_SWIFT_STANDARD_LIBRARIES = YES;
				DEVELOPMENT_TEAM = 8P4FFBGM2L;
				INFOPLIST_FILE = BarduinoAppUITests/Info.plist;
				LD_RUNPATH_SEARCH_PATHS = "$(inherited) @executable_path/Frameworks @loader_path/Frameworks";
				PRODUCT_BUNDLE_IDENTIFIER = Marabou.BarduinoAppUITests;
				PRODUCT_NAME = "$(TARGET_NAME)";
				SWIFT_VERSION = 3.0;
				TEST_TARGET_NAME = BarduinoApp;
			};
			name = Debug;
		};
		79ACEBB31F0D9BF500AAB51A /* Release */ = {
			isa = XCBuildConfiguration;
			buildSettings = {
				ALWAYS_EMBED_SWIFT_STANDARD_LIBRARIES = YES;
				DEVELOPMENT_TEAM = 8P4FFBGM2L;
				INFOPLIST_FILE = BarduinoAppUITests/Info.plist;
				LD_RUNPATH_SEARCH_PATHS = "$(inherited) @executable_path/Frameworks @loader_path/Frameworks";
				PRODUCT_BUNDLE_IDENTIFIER = Marabou.BarduinoAppUITests;
				PRODUCT_NAME = "$(TARGET_NAME)";
				SWIFT_VERSION = 3.0;
				TEST_TARGET_NAME = BarduinoApp;
			};
			name = Release;
		};
/* End XCBuildConfiguration section */

/* Begin XCConfigurationList section */
		79ACEB7B1F0D9BF400AAB51A /* Build configuration list for PBXProject "BarduinoApp" */ = {
			isa = XCConfigurationList;
			buildConfigurations = (
				79ACEBA91F0D9BF500AAB51A /* Debug */,
				79ACEBAA1F0D9BF500AAB51A /* Release */,
			);
			defaultConfigurationIsVisible = 0;
			defaultConfigurationName = Release;
		};
		79ACEBAB1F0D9BF500AAB51A /* Build configuration list for PBXNativeTarget "BarduinoApp" */ = {
			isa = XCConfigurationList;
			buildConfigurations = (
				79ACEBAC1F0D9BF500AAB51A /* Debug */,
				79ACEBAD1F0D9BF500AAB51A /* Release */,
			);
			defaultConfigurationIsVisible = 0;
			defaultConfigurationName = Release;
		};
		79ACEBAE1F0D9BF500AAB51A /* Build configuration list for PBXNativeTarget "BarduinoAppTests" */ = {
			isa = XCConfigurationList;
			buildConfigurations = (
				79ACEBAF1F0D9BF500AAB51A /* Debug */,
				79ACEBB01F0D9BF500AAB51A /* Release */,
			);
			defaultConfigurationIsVisible = 0;
			defaultConfigurationName = Release;
		};
		79ACEBB11F0D9BF500AAB51A /* Build configuration list for PBXNativeTarget "BarduinoAppUITests" */ = {
			isa = XCConfigurationList;
			buildConfigurations = (
				79ACEBB21F0D9BF500AAB51A /* Debug */,
				79ACEBB31F0D9BF500AAB51A /* Release */,
			);
			defaultConfigurationIsVisible = 0;
			defaultConfigurationName = Release;
		};
/* End XCConfigurationList section */

/* Begin XCVersionGroup section */
		79ACEB8A1F0D9BF400AAB51A /* BarduinoApp.xcdatamodeld */ = {
			isa = XCVersionGroup;
			children = (
				79ACEB8B1F0D9BF400AAB51A /* BarduinoApp.xcdatamodel */,
			);
			currentVersion = 79ACEB8B1F0D9BF400AAB51A /* BarduinoApp.xcdatamodel */;
			path = BarduinoApp.xcdatamodeld;
			sourceTree = "<group>";
			versionGroupType = wrapper.xcdatamodel;
		};
/* End XCVersionGroup section */
	};
	rootObject = 79ACEB781F0D9BF400AAB51A /* Project object */;
}
